
Microsoft Visual Studio Solution File, Format Version 12.00
# Visual Studio Version 17
VisualStudioVersion = 17.9.34728.123
MinimumVisualStudioVersion = 10.0.40219.1
Project("{9A19103F-16F7-4668-BE54-9A1E7A4F7556}") = "AequusRemake", "AequusRemake.csproj", "{A47FB960-9691-4E4B-B195-04B4D793461D}"
EndProject
Project("{9A19103F-16F7-4668-BE54-9A1E7A4F7556}") = "AequusRemakeMusic", "..\AequusRemakeMusic\AequusRemakeMusic.csproj", "{4F83C54B-7B34-42D2-827C-2954BB1A0DE0}"
EndProject
Global
	GlobalSection(SolutionConfigurationPlatforms) = preSolution
		Debug|Any CPU = Debug|Any CPU
		Release|Any CPU = Release|Any CPU
	EndGlobalSection
	GlobalSection(ProjectConfigurationPlatforms) = postSolution
		{A47FB960-9691-4E4B-B195-04B4D793461D}.Debug|Any CPU.ActiveCfg = Debug|Any CPU
		{A47FB960-9691-4E4B-B195-04B4D793461D}.Debug|Any CPU.Build.0 = Debug|Any CPU
		{A47FB960-9691-4E4B-B195-04B4D793461D}.Release|Any CPU.ActiveCfg = Release|Any CPU
		{A47FB960-9691-4E4B-B195-04B4D793461D}.Release|Any CPU.Build.0 = Release|Any CPU
		{4F83C54B-7B34-42D2-827C-2954BB1A0DE0}.Debug|Any CPU.ActiveCfg = Debug|Any CPU
		{4F83C54B-7B34-42D2-827C-2954BB1A0DE0}.Debug|Any CPU.Build.0 = Debug|Any CPU
		{4F83C54B-7B34-42D2-827C-2954BB1A0DE0}.Release|Any CPU.ActiveCfg = Release|Any CPU
		{4F83C54B-7B34-42D2-827C-2954BB1A0DE0}.Release|Any CPU.Build.0 = Release|Any CPU
	EndGlobalSection
	GlobalSection(SolutionProperties) = preSolution
		HideSolutionNode = FALSE
	EndGlobalSection
	GlobalSection(ExtensibilityGlobals) = postSolution
		SolutionGuid = {76B32059-666F-44E7-AC0F-90A0AA90CA4D}
	EndGlobalSection
EndGlobal
